
Microsoft Visual Studio Solution File, Format Version 12.00
# Visual Studio Version 16
VisualStudioVersion = 16.0.30907.101
MinimumVisualStudioVersion = 10.0.40219.1
Project("{FAE04EC0-301F-11D3-BF4B-00C04F79EFBC}") = "AppVentana", "AppVentana\AppVentana.csproj", "{2856BCF9-A480-4D6D-ACBB-39E46E07508A}"
EndProject
Global
	GlobalSection(SolutionConfigurationPlatforms) = preSolution
		Debug|Any CPU = Debug|Any CPU
		Release|Any CPU = Release|Any CPU
	EndGlobalSection
	GlobalSection(ProjectConfigurationPlatforms) = postSolution
		{2856BCF9-A480-4D6D-ACBB-39E46E07508A}.Debug|Any CPU.ActiveCfg = Debug|Any CPU
		{2856BCF9-A480-4D6D-ACBB-39E46E07508A}.Debug|Any CPU.Build.0 = Debug|Any CPU
		{2856BCF9-A480-4D6D-ACBB-39E46E07508A}.Release|Any CPU.ActiveCfg = Release|Any CPU
		{2856BCF9-A480-4D6D-ACBB-39E46E07508A}.Release|Any CPU.Build.0 = Release|Any CPU
	EndGlobalSection
	GlobalSection(SolutionProperties) = preSolution
		HideSolutionNode = FALSE
	EndGlobalSection
	GlobalSection(ExtensibilityGlobals) = postSolution
		SolutionGuid = {86F1C0E2-D99F-4A22-8E98-2714366BF049}
	EndGlobalSection
EndGlobal
